
Microsoft Visual Studio Solution File, Format Version 12.00
# Visual Studio 15
VisualStudioVersion = 15.0.28307.136
MinimumVisualStudioVersion = 10.0.40219.1
Project("{FAE04EC0-301F-11D3-BF4B-00C04F79EFBC}") = "DiffieHellman", "DiffieHellman\DiffieHellman.csproj", "{B03A38E7-2B99-40D3-9676-68DF33955496}"
EndProject
Project("{FAE04EC0-301F-11D3-BF4B-00C04F79EFBC}") = "DiffieHellman.Lib", "DiffieHellman.Lib\DiffieHellman.Lib.csproj", "{C5E9ECCD-77D7-4454-AA30-43822F26EA5A}"
EndProject
Project("{FAE04EC0-301F-11D3-BF4B-00C04F79EFBC}") = "DiffieHellman.Tests", "DiffieHellman.Tests\DiffieHellman.Tests.csproj", "{089D17D9-D51F-43B2-BB89-97488066B519}"
EndProject
Global
	GlobalSection(SolutionConfigurationPlatforms) = preSolution
		Debug|Any CPU = Debug|Any CPU
		Release|Any CPU = Release|Any CPU
	EndGlobalSection
	GlobalSection(ProjectConfigurationPlatforms) = postSolution
		{B03A38E7-2B99-40D3-9676-68DF33955496}.Debug|Any CPU.ActiveCfg = Debug|Any CPU
		{B03A38E7-2B99-40D3-9676-68DF33955496}.Debug|Any CPU.Build.0 = Debug|Any CPU
		{B03A38E7-2B99-40D3-9676-68DF33955496}.Release|Any CPU.ActiveCfg = Release|Any CPU
		{B03A38E7-2B99-40D3-9676-68DF33955496}.Release|Any CPU.Build.0 = Release|Any CPU
		{C5E9ECCD-77D7-4454-AA30-43822F26EA5A}.Debug|Any CPU.ActiveCfg = Debug|Any CPU
		{C5E9ECCD-77D7-4454-AA30-43822F26EA5A}.Debug|Any CPU.Build.0 = Debug|Any CPU
		{C5E9ECCD-77D7-4454-AA30-43822F26EA5A}.Release|Any CPU.ActiveCfg = Release|Any CPU
		{C5E9ECCD-77D7-4454-AA30-43822F26EA5A}.Release|Any CPU.Build.0 = Release|Any CPU
		{089D17D9-D51F-43B2-BB89-97488066B519}.Debug|Any CPU.ActiveCfg = Debug|Any CPU
		{089D17D9-D51F-43B2-BB89-97488066B519}.Debug|Any CPU.Build.0 = Debug|Any CPU
		{089D17D9-D51F-43B2-BB89-97488066B519}.Release|Any CPU.ActiveCfg = Release|Any CPU
		{089D17D9-D51F-43B2-BB89-97488066B519}.Release|Any CPU.Build.0 = Release|Any CPU
	EndGlobalSection
	GlobalSection(SolutionProperties) = preSolution
		HideSolutionNode = FALSE
	EndGlobalSection
	GlobalSection(ExtensibilityGlobals) = postSolution
		SolutionGuid = {D33466F5-5930-40B1-B4CB-E9D934DDA058}
	EndGlobalSection
EndGlobal
